
Microsoft Visual Studio Solution File, Format Version 12.00
# Visual Studio Version 17
VisualStudioVersion = 17.9.34622.214
MinimumVisualStudioVersion = 10.0.40219.1
Project("{FAE04EC0-301F-11D3-BF4B-00C04F79EFBC}") = "magic_bytes_validation", "magic_bytes_validation.csproj", "{54192240-B8A6-433C-98E4-B24F325A1CDA}"
EndProject
Global
	GlobalSection(SolutionConfigurationPlatforms) = preSolution
		Debug|Any CPU = Debug|Any CPU
		Release|Any CPU = Release|Any CPU
	EndGlobalSection
	GlobalSection(ProjectConfigurationPlatforms) = postSolution
		{54192240-B8A6-433C-98E4-B24F325A1CDA}.Debug|Any CPU.ActiveCfg = Debug|Any CPU
		{54192240-B8A6-433C-98E4-B24F325A1CDA}.Debug|Any CPU.Build.0 = Debug|Any CPU
		{54192240-B8A6-433C-98E4-B24F325A1CDA}.Release|Any CPU.ActiveCfg = Release|Any CPU
		{54192240-B8A6-433C-98E4-B24F325A1CDA}.Release|Any CPU.Build.0 = Release|Any CPU
	EndGlobalSection
	GlobalSection(SolutionProperties) = preSolution
		HideSolutionNode = FALSE
	EndGlobalSection
	GlobalSection(ExtensibilityGlobals) = postSolution
		SolutionGuid = {934C11E1-0551-43AF-8FA1-CEAB3B305E44}
	EndGlobalSection
EndGlobal
